
Microsoft Visual Studio Solution File, Format Version 12.00
# Visual Studio Version 16
VisualStudioVersion = 16.0.29020.237
MinimumVisualStudioVersion = 10.0.40219.1
Project("{9A19103F-16F7-4668-BE54-9A1E7A4F7556}") = "mofo.todo.api", "src\mofo.todo.api\mofo.todo.api.csproj", "{CAD8559A-5FA1-41D2-9A9A-D9DDDF0BA393}"
EndProject
Project("{9A19103F-16F7-4668-BE54-9A1E7A4F7556}") = "mofo.todo.common", "src\mofo.todo.common\mofo.todo.common.csproj", "{FEB0A380-5001-4288-89CF-6B8211F3FAFF}"
EndProject
Project("{9A19103F-16F7-4668-BE54-9A1E7A4F7556}") = "mofo.todo.core", "src\mofo.todo.core\mofo.todo.core.csproj", "{952CEA76-BF2D-4470-9160-9323B368BB7B}"
EndProject
Project("{2150E333-8FDC-42A3-9474-1A3956D46DE8}") = "src", "src", "{1989A844-BF67-40C2-8563-90D9823B4D12}"
EndProject
Project("{2150E333-8FDC-42A3-9474-1A3956D46DE8}") = "terraform", "terraform", "{7706A746-6DE1-465A-93B6-8D6F8BE84DCC}"
	ProjectSection(SolutionItems) = preProject
		terraform\azurerm_kubernetes_cluster.tf = terraform\azurerm_kubernetes_cluster.tf
		terraform\azurerm_resource_group.tf = terraform\azurerm_resource_group.tf
		terraform\provider.tf = terraform\provider.tf
		terraform\terraform.tfstate = terraform\terraform.tfstate
		terraform\terraform.tfstate.backup = terraform\terraform.tfstate.backup
		terraform\variables.tf = terraform\variables.tf
	EndProjectSection
EndProject
Project("{2150E333-8FDC-42A3-9474-1A3956D46DE8}") = "helm", "helm", "{D7EC5DDB-6944-4D78-83B5-5C1DE7F6336A}"
EndProject
Project("{2150E333-8FDC-42A3-9474-1A3956D46DE8}") = "mofo-todo", "mofo-todo", "{07498F99-2F38-4C72-8BE3-858C31847091}"
	ProjectSection(SolutionItems) = preProject
		charts\mofo-todo\.helmignore = charts\mofo-todo\.helmignore
		charts\mofo-todo\Chart.yaml = charts\mofo-todo\Chart.yaml
		charts\mofo-todo\values.yaml = charts\mofo-todo\values.yaml
	EndProjectSection
EndProject
Project("{2150E333-8FDC-42A3-9474-1A3956D46DE8}") = "charts", "charts", "{9702AF10-04A3-4662-94BF-762A1635EFA0}"
EndProject
Project("{2150E333-8FDC-42A3-9474-1A3956D46DE8}") = "templates", "templates", "{86E7CC62-2AF6-4EB9-ABCE-78770FF94FF4}"
	ProjectSection(SolutionItems) = preProject
		charts\mofo-todo\templates\_helpers.tpl = charts\mofo-todo\templates\_helpers.tpl
		charts\mofo-todo\templates\deployment.yaml = charts\mofo-todo\templates\deployment.yaml
		charts\mofo-todo\templates\ingress.yaml = charts\mofo-todo\templates\ingress.yaml
		charts\mofo-todo\templates\NOTES.txt = charts\mofo-todo\templates\NOTES.txt
		charts\mofo-todo\templates\service.yaml = charts\mofo-todo\templates\service.yaml
	EndProjectSection
EndProject
Project("{2150E333-8FDC-42A3-9474-1A3956D46DE8}") = "tests", "tests", "{DC25736E-50CD-4ABA-9283-0687CEDA3E83}"
	ProjectSection(SolutionItems) = preProject
		charts\mofo-todo\templates\tests\test-connection.yaml = charts\mofo-todo\templates\tests\test-connection.yaml
	EndProjectSection
EndProject
Project("{FAE04EC0-301F-11D3-BF4B-00C04F79EFBC}") = "mofo.todo.test", "src\mofo.todo.test\mofo.todo.test.csproj", "{B7D825D5-C989-4A3C-8E32-DFC3E7A79D3E}"
EndProject
Global
	GlobalSection(SolutionConfigurationPlatforms) = preSolution
		Debug|Any CPU = Debug|Any CPU
		Release|Any CPU = Release|Any CPU
	EndGlobalSection
	GlobalSection(ProjectConfigurationPlatforms) = postSolution
		{CAD8559A-5FA1-41D2-9A9A-D9DDDF0BA393}.Debug|Any CPU.ActiveCfg = Debug|Any CPU
		{CAD8559A-5FA1-41D2-9A9A-D9DDDF0BA393}.Debug|Any CPU.Build.0 = Debug|Any CPU
		{CAD8559A-5FA1-41D2-9A9A-D9DDDF0BA393}.Release|Any CPU.ActiveCfg = Release|Any CPU
		{CAD8559A-5FA1-41D2-9A9A-D9DDDF0BA393}.Release|Any CPU.Build.0 = Release|Any CPU
		{FEB0A380-5001-4288-89CF-6B8211F3FAFF}.Debug|Any CPU.ActiveCfg = Debug|Any CPU
		{FEB0A380-5001-4288-89CF-6B8211F3FAFF}.Debug|Any CPU.Build.0 = Debug|Any CPU
		{FEB0A380-5001-4288-89CF-6B8211F3FAFF}.Release|Any CPU.ActiveCfg = Release|Any CPU
		{FEB0A380-5001-4288-89CF-6B8211F3FAFF}.Release|Any CPU.Build.0 = Release|Any CPU
		{952CEA76-BF2D-4470-9160-9323B368BB7B}.Debug|Any CPU.ActiveCfg = Debug|Any CPU
		{952CEA76-BF2D-4470-9160-9323B368BB7B}.Debug|Any CPU.Build.0 = Debug|Any CPU
		{952CEA76-BF2D-4470-9160-9323B368BB7B}.Release|Any CPU.ActiveCfg = Release|Any CPU
		{952CEA76-BF2D-4470-9160-9323B368BB7B}.Release|Any CPU.Build.0 = Release|Any CPU
		{B7D825D5-C989-4A3C-8E32-DFC3E7A79D3E}.Debug|Any CPU.ActiveCfg = Debug|Any CPU
		{B7D825D5-C989-4A3C-8E32-DFC3E7A79D3E}.Debug|Any CPU.Build.0 = Debug|Any CPU
		{B7D825D5-C989-4A3C-8E32-DFC3E7A79D3E}.Release|Any CPU.ActiveCfg = Release|Any CPU
		{B7D825D5-C989-4A3C-8E32-DFC3E7A79D3E}.Release|Any CPU.Build.0 = Release|Any CPU
	EndGlobalSection
	GlobalSection(SolutionProperties) = preSolution
		HideSolutionNode = FALSE
	EndGlobalSection
	GlobalSection(NestedProjects) = preSolution
		{CAD8559A-5FA1-41D2-9A9A-D9DDDF0BA393} = {1989A844-BF67-40C2-8563-90D9823B4D12}
		{FEB0A380-5001-4288-89CF-6B8211F3FAFF} = {1989A844-BF67-40C2-8563-90D9823B4D12}
		{952CEA76-BF2D-4470-9160-9323B368BB7B} = {1989A844-BF67-40C2-8563-90D9823B4D12}
		{07498F99-2F38-4C72-8BE3-858C31847091} = {D7EC5DDB-6944-4D78-83B5-5C1DE7F6336A}
		{9702AF10-04A3-4662-94BF-762A1635EFA0} = {07498F99-2F38-4C72-8BE3-858C31847091}
		{86E7CC62-2AF6-4EB9-ABCE-78770FF94FF4} = {07498F99-2F38-4C72-8BE3-858C31847091}
		{DC25736E-50CD-4ABA-9283-0687CEDA3E83} = {86E7CC62-2AF6-4EB9-ABCE-78770FF94FF4}
		{B7D825D5-C989-4A3C-8E32-DFC3E7A79D3E} = {1989A844-BF67-40C2-8563-90D9823B4D12}
	EndGlobalSection
	GlobalSection(ExtensibilityGlobals) = postSolution
		SolutionGuid = {B23A12CB-F430-4EE5-A01A-DBF5A3AE8307}
	EndGlobalSection
EndGlobal
