
Microsoft Visual Studio Solution File, Format Version 12.00
# Visual Studio Version 16
VisualStudioVersion = 16.0.29020.237
MinimumVisualStudioVersion = 10.0.40219.1
Project("{9A19103F-16F7-4668-BE54-9A1E7A4F7556}") = "Rush.Todo.Api", "Rush.Todo.Api\Rush.Todo.Api.csproj", "{A8288424-6715-4D9B-980E-A88AAAB95350}"
EndProject
Project("{FAE04EC0-301F-11D3-BF4B-00C04F79EFBC}") = "Rush.Todo.Core", "Rush.Todo.Core\Rush.Todo.Core.csproj", "{A871C560-C3D4-4D55-AFBF-9AB49282E44B}"
EndProject
Global
	GlobalSection(SolutionConfigurationPlatforms) = preSolution
		Debug|Any CPU = Debug|Any CPU
		Release|Any CPU = Release|Any CPU
	EndGlobalSection
	GlobalSection(ProjectConfigurationPlatforms) = postSolution
		{A8288424-6715-4D9B-980E-A88AAAB95350}.Debug|Any CPU.ActiveCfg = Debug|Any CPU
		{A8288424-6715-4D9B-980E-A88AAAB95350}.Debug|Any CPU.Build.0 = Debug|Any CPU
		{A8288424-6715-4D9B-980E-A88AAAB95350}.Release|Any CPU.ActiveCfg = Release|Any CPU
		{A8288424-6715-4D9B-980E-A88AAAB95350}.Release|Any CPU.Build.0 = Release|Any CPU
		{A871C560-C3D4-4D55-AFBF-9AB49282E44B}.Debug|Any CPU.ActiveCfg = Debug|Any CPU
		{A871C560-C3D4-4D55-AFBF-9AB49282E44B}.Debug|Any CPU.Build.0 = Debug|Any CPU
		{A871C560-C3D4-4D55-AFBF-9AB49282E44B}.Release|Any CPU.ActiveCfg = Release|Any CPU
		{A871C560-C3D4-4D55-AFBF-9AB49282E44B}.Release|Any CPU.Build.0 = Release|Any CPU
	EndGlobalSection
	GlobalSection(SolutionProperties) = preSolution
		HideSolutionNode = FALSE
	EndGlobalSection
	GlobalSection(ExtensibilityGlobals) = postSolution
		SolutionGuid = {B23A12CB-F430-4EE5-A01A-DBF5A3AE8307}
	EndGlobalSection
EndGlobal
